
Microsoft Visual Studio Solution File, Format Version 12.00
# Visual Studio Version 17
VisualStudioVersion = 17.14.36203.30 d17.14
MinimumVisualStudioVersion = 10.0.40219.1
Project("{FAE04EC0-301F-11D3-BF4B-00C04F79EFBC}") = "Checkout-Kata.tests", "Checkout-Kata.tests\Checkout-Kata.tests.csproj", "{EA1AB078-C0FE-A71D-D324-C6E88280B8D9}"
EndProject
Project("{FAE04EC0-301F-11D3-BF4B-00C04F79EFBC}") = "Checkout-Kata.lib", "Checkout-Kata.lib\Checkout-Kata.lib.csproj", "{ED8FF52A-EDA0-6545-7197-5745E0AD66E6}"
EndProject
Global
	GlobalSection(SolutionConfigurationPlatforms) = preSolution
		Debug|Any CPU = Debug|Any CPU
		Release|Any CPU = Release|Any CPU
	EndGlobalSection
	GlobalSection(ProjectConfigurationPlatforms) = postSolution
		{EA1AB078-C0FE-A71D-D324-C6E88280B8D9}.Debug|Any CPU.ActiveCfg = Debug|Any CPU
		{EA1AB078-C0FE-A71D-D324-C6E88280B8D9}.Debug|Any CPU.Build.0 = Debug|Any CPU
		{EA1AB078-C0FE-A71D-D324-C6E88280B8D9}.Release|Any CPU.ActiveCfg = Release|Any CPU
		{EA1AB078-C0FE-A71D-D324-C6E88280B8D9}.Release|Any CPU.Build.0 = Release|Any CPU
		{ED8FF52A-EDA0-6545-7197-5745E0AD66E6}.Debug|Any CPU.ActiveCfg = Debug|Any CPU
		{ED8FF52A-EDA0-6545-7197-5745E0AD66E6}.Debug|Any CPU.Build.0 = Debug|Any CPU
		{ED8FF52A-EDA0-6545-7197-5745E0AD66E6}.Release|Any CPU.ActiveCfg = Release|Any CPU
		{ED8FF52A-EDA0-6545-7197-5745E0AD66E6}.Release|Any CPU.Build.0 = Release|Any CPU
	EndGlobalSection
	GlobalSection(SolutionProperties) = preSolution
		HideSolutionNode = FALSE
	EndGlobalSection
	GlobalSection(ExtensibilityGlobals) = postSolution
		SolutionGuid = {083E792C-D5D5-457A-9ADB-E2FC7D58FDAA}
	EndGlobalSection
EndGlobal
